
Microsoft Visual Studio Solution File, Format Version 12.00
Project("{FAE04EC0-301F-11D3-BF4B-00C04F79EFBC}") = "Likvido.Web", "Likvido.Web\Likvido.Web.csproj", "{BC68067A-C4DE-4CD0-B2C5-1CF245449C15}"
EndProject
Global
	GlobalSection(SolutionConfigurationPlatforms) = preSolution
		Debug|Any CPU = Debug|Any CPU
		Release|Any CPU = Release|Any CPU
	EndGlobalSection
	GlobalSection(ProjectConfigurationPlatforms) = postSolution
		{BC68067A-C4DE-4CD0-B2C5-1CF245449C15}.Debug|Any CPU.ActiveCfg = Debug|Any CPU
		{BC68067A-C4DE-4CD0-B2C5-1CF245449C15}.Debug|Any CPU.Build.0 = Debug|Any CPU
		{BC68067A-C4DE-4CD0-B2C5-1CF245449C15}.Release|Any CPU.ActiveCfg = Release|Any CPU
		{BC68067A-C4DE-4CD0-B2C5-1CF245449C15}.Release|Any CPU.Build.0 = Release|Any CPU
	EndGlobalSection
EndGlobal
