
Microsoft Visual Studio Solution File, Format Version 12.00
Project("{FAE04EC0-301F-11D3-BF4B-00C04F79EFBC}") = "Likvido.Web", "Likvido.Web\Likvido.Web.csproj", "{BC68067A-C4DE-4CD0-B2C5-1CF245449C15}"
EndProject
Project("{2150E333-8FDC-42A3-9474-1A3956D46DE8}") = "SolutionFolder", "SolutionFolder", "{C3985174-97A0-455D-948F-DBC2A94681FA}"
	ProjectSection(SolutionItems) = preProject
		..\README.md = ..\README.md
		..\.github\dependabot.yml = ..\.github\dependabot.yml
		..\.gitignore = ..\.gitignore
		version.props = version.props
	EndProjectSection
EndProject
Project("{2150E333-8FDC-42A3-9474-1A3956D46DE8}") = "Workflows", "Workflows", "{80A324BB-F698-4B68-A84E-B9BAF38EE3D8}"
	ProjectSection(SolutionItems) = preProject
		..\.github\workflows\nuget.yml = ..\.github\workflows\nuget.yml
	EndProjectSection
EndProject
Global
	GlobalSection(SolutionConfigurationPlatforms) = preSolution
		Debug|Any CPU = Debug|Any CPU
		Release|Any CPU = Release|Any CPU
	EndGlobalSection
	GlobalSection(ProjectConfigurationPlatforms) = postSolution
		{BC68067A-C4DE-4CD0-B2C5-1CF245449C15}.Debug|Any CPU.ActiveCfg = Debug|Any CPU
		{BC68067A-C4DE-4CD0-B2C5-1CF245449C15}.Debug|Any CPU.Build.0 = Debug|Any CPU
		{BC68067A-C4DE-4CD0-B2C5-1CF245449C15}.Release|Any CPU.ActiveCfg = Release|Any CPU
		{BC68067A-C4DE-4CD0-B2C5-1CF245449C15}.Release|Any CPU.Build.0 = Release|Any CPU
	EndGlobalSection
	GlobalSection(NestedProjects) = preSolution
		{80A324BB-F698-4B68-A84E-B9BAF38EE3D8} = {C3985174-97A0-455D-948F-DBC2A94681FA}
	EndGlobalSection
EndGlobal
